// !$*UTF8*$!
{
	archiveVersion = 1;
	classes = {
	};
	objectVersion = 56;
	objects = {

/* Begin PBXBuildFile section */
		1EB8BD82294109A70067E398 /* main.swift in Sources */ = {isa = PBXBuildFile; fileRef = 1EB8BD81294109A70067E398 /* main.swift */; };
		1EB8BD8A294109BE0067E398 /* Node.swift in Sources */ = {isa = PBXBuildFile; fileRef = 1EB8BD89294109BE0067E398 /* Node.swift */; };
		1EB8BD8C294109C80067E398 /* LinkedList.swift in Sources */ = {isa = PBXBuildFile; fileRef = 1EB8BD8B294109C80067E398 /* LinkedList.swift */; };
		1EB8BD8E294109D20067E398 /* Graph.swift in Sources */ = {isa = PBXBuildFile; fileRef = 1EB8BD8D294109D20067E398 /* Graph.swift */; };
		1EB8BD9129410A1D0067E398 /* Node+Extensions.swift in Sources */ = {isa = PBXBuildFile; fileRef = 1EB8BD9029410A1D0067E398 /* Node+Extensions.swift */; };
		1EB8BD9329410A280067E398 /* LinkedList+Extensions.swift in Sources */ = {isa = PBXBuildFile; fileRef = 1EB8BD9229410A280067E398 /* LinkedList+Extensions.swift */; };
		1EB8BD9529410A330067E398 /* Graph+Extensions.swift in Sources */ = {isa = PBXBuildFile; fileRef = 1EB8BD9429410A330067E398 /* Graph+Extensions.swift */; };
		1EB8BD9729410A3D0067E398 /* Int+Extensions.swift in Sources */ = {isa = PBXBuildFile; fileRef = 1EB8BD9629410A3D0067E398 /* Int+Extensions.swift */; };
/* End PBXBuildFile section */

/* Begin PBXCopyFilesBuildPhase section */
		1EB8BD7C294109A70067E398 /* CopyFiles */ = {
			isa = PBXCopyFilesBuildPhase;
			buildActionMask = 2147483647;
			dstPath = /usr/share/man/man1/;
			dstSubfolderSpec = 0;
			files = (
			);
			runOnlyForDeploymentPostprocessing = 1;
		};
/* End PBXCopyFilesBuildPhase section */

/* Begin PBXFileReference section */
		1EB8BD7E294109A70067E398 /* Graph */ = {isa = PBXFileReference; explicitFileType = "compiled.mach-o.executable"; includeInIndex = 0; path = Graph; sourceTree = BUILT_PRODUCTS_DIR; };
		1EB8BD81294109A70067E398 /* main.swift */ = {isa = PBXFileReference; lastKnownFileType = sourcecode.swift; path = main.swift; sourceTree = "<group>"; };
		1EB8BD89294109BE0067E398 /* Node.swift */ = {isa = PBXFileReference; lastKnownFileType = sourcecode.swift; path = Node.swift; sourceTree = "<group>"; };
		1EB8BD8B294109C80067E398 /* LinkedList.swift */ = {isa = PBXFileReference; lastKnownFileType = sourcecode.swift; path = LinkedList.swift; sourceTree = "<group>"; };
		1EB8BD8D294109D20067E398 /* Graph.swift */ = {isa = PBXFileReference; lastKnownFileType = sourcecode.swift; path = Graph.swift; sourceTree = "<group>"; };
		1EB8BD9029410A1D0067E398 /* Node+Extensions.swift */ = {isa = PBXFileReference; lastKnownFileType = sourcecode.swift; path = "Node+Extensions.swift"; sourceTree = "<group>"; };
		1EB8BD9229410A280067E398 /* LinkedList+Extensions.swift */ = {isa = PBXFileReference; lastKnownFileType = sourcecode.swift; path = "LinkedList+Extensions.swift"; sourceTree = "<group>"; };
		1EB8BD9429410A330067E398 /* Graph+Extensions.swift */ = {isa = PBXFileReference; lastKnownFileType = sourcecode.swift; path = "Graph+Extensions.swift"; sourceTree = "<group>"; };
		1EB8BD9629410A3D0067E398 /* Int+Extensions.swift */ = {isa = PBXFileReference; lastKnownFileType = sourcecode.swift; path = "Int+Extensions.swift"; sourceTree = "<group>"; };
/* End PBXFileReference section */

/* Begin PBXFrameworksBuildPhase section */
		1EB8BD7B294109A70067E398 /* Frameworks */ = {
			isa = PBXFrameworksBuildPhase;
			buildActionMask = 2147483647;
			files = (
			);
			runOnlyForDeploymentPostprocessing = 0;
		};
/* End PBXFrameworksBuildPhase section */

/* Begin PBXGroup section */
		1EB8BD75294109A70067E398 = {
			isa = PBXGroup;
			children = (
				1EB8BD80294109A70067E398 /* Graph */,
				1EB8BD7F294109A70067E398 /* Products */,
			);
			sourceTree = "<group>";
		};
		1EB8BD7F294109A70067E398 /* Products */ = {
			isa = PBXGroup;
			children = (
				1EB8BD7E294109A70067E398 /* Graph */,
			);
			name = Products;
			sourceTree = "<group>";
		};
		1EB8BD80294109A70067E398 /* Graph */ = {
			isa = PBXGroup;
			children = (
				1EB8BD8F29410A0F0067E398 /* Extensions */,
				1EB8BD88294109B00067E398 /* Data */,
				1EB8BD81294109A70067E398 /* main.swift */,
			);
			path = Graph;
			sourceTree = "<group>";
		};
		1EB8BD88294109B00067E398 /* Data */ = {
			isa = PBXGroup;
			children = (
				1EB8BD89294109BE0067E398 /* Node.swift */,
				1EB8BD8B294109C80067E398 /* LinkedList.swift */,
				1EB8BD8D294109D20067E398 /* Graph.swift */,
			);
			path = Data;
			sourceTree = "<group>";
		};
		1EB8BD8F29410A0F0067E398 /* Extensions */ = {
			isa = PBXGroup;
			children = (
				1EB8BD9029410A1D0067E398 /* Node+Extensions.swift */,
				1EB8BD9229410A280067E398 /* LinkedList+Extensions.swift */,
				1EB8BD9429410A330067E398 /* Graph+Extensions.swift */,
				1EB8BD9629410A3D0067E398 /* Int+Extensions.swift */,
			);
			path = Extensions;
			sourceTree = "<group>";
		};
/* End PBXGroup section */

/* Begin PBXNativeTarget section */
		1EB8BD7D294109A70067E398 /* Graph */ = {
			isa = PBXNativeTarget;
			buildConfigurationList = 1EB8BD85294109A70067E398 /* Build configuration list for PBXNativeTarget "Graph" */;
			buildPhases = (
				1EB8BD7A294109A70067E398 /* Sources */,
				1EB8BD7B294109A70067E398 /* Frameworks */,
				1EB8BD7C294109A70067E398 /* CopyFiles */,
			);
			buildRules = (
			);
			dependencies = (
			);
			name = Graph;
			productName = Graph;
			productReference = 1EB8BD7E294109A70067E398 /* Graph */;
			productType = "com.apple.product-type.tool";
		};
/* End PBXNativeTarget section */

/* Begin PBXProject section */
		1EB8BD76294109A70067E398 /* Project object */ = {
			isa = PBXProject;
			attributes = {
				BuildIndependentTargetsInParallel = 1;
				LastSwiftUpdateCheck = 1400;
				LastUpgradeCheck = 1400;
				TargetAttributes = {
					1EB8BD7D294109A70067E398 = {
						CreatedOnToolsVersion = 14.0;
					};
				};
			};
			buildConfigurationList = 1EB8BD79294109A70067E398 /* Build configuration list for PBXProject "Graph" */;
			compatibilityVersion = "Xcode 14.0";
			developmentRegion = en;
			hasScannedForEncodings = 0;
			knownRegions = (
				en,
				Base,
			);
			mainGroup = 1EB8BD75294109A70067E398;
			productRefGroup = 1EB8BD7F294109A70067E398 /* Products */;
			projectDirPath = "";
			projectRoot = "";
			targets = (
				1EB8BD7D294109A70067E398 /* Graph */,
			);
		};
/* End PBXProject section */

/* Begin PBXSourcesBuildPhase section */
		1EB8BD7A294109A70067E398 /* Sources */ = {
			isa = PBXSourcesBuildPhase;
			buildActionMask = 2147483647;
			files = (
				1EB8BD9129410A1D0067E398 /* Node+Extensions.swift in Sources */,
				1EB8BD9529410A330067E398 /* Graph+Extensions.swift in Sources */,
				1EB8BD8E294109D20067E398 /* Graph.swift in Sources */,
				1EB8BD8C294109C80067E398 /* LinkedList.swift in Sources */,
				1EB8BD82294109A70067E398 /* main.swift in Sources */,
				1EB8BD9729410A3D0067E398 /* Int+Extensions.swift in Sources */,
				1EB8BD9329410A280067E398 /* LinkedList+Extensions.swift in Sources */,
				1EB8BD8A294109BE0067E398 /* Node.swift in Sources */,
			);
			runOnlyForDeploymentPostprocessing = 0;
		};
/* End PBXSourcesBuildPhase section */

/* Begin XCBuildConfiguration section */
		1EB8BD83294109A70067E398 /* Debug */ = {
			isa = XCBuildConfiguration;
			buildSettings = {
				ALWAYS_SEARCH_USER_PATHS = NO;
				CLANG_ANALYZER_NONNULL = YES;
				CLANG_ANALYZER_NUMBER_OBJECT_CONVERSION = YES_AGGRESSIVE;
				CLANG_CXX_LANGUAGE_STANDARD = "gnu++20";
				CLANG_ENABLE_MODULES = YES;
				CLANG_ENABLE_OBJC_ARC = YES;
				CLANG_ENABLE_OBJC_WEAK = YES;
				CLANG_WARN_BLOCK_CAPTURE_AUTORELEASING = YES;
				CLANG_WARN_BOOL_CONVERSION = YES;
				CLANG_WARN_COMMA = YES;
				CLANG_WARN_CONSTANT_CONVERSION = YES;
				CLANG_WARN_DEPRECATED_OBJC_IMPLEMENTATIONS = YES;
				CLANG_WARN_DIRECT_OBJC_ISA_USAGE = YES_ERROR;
				CLANG_WARN_DOCUMENTATION_COMMENTS = YES;
				CLANG_WARN_EMPTY_BODY = YES;
				CLANG_WARN_ENUM_CONVERSION = YES;
				CLANG_WARN_INFINITE_RECURSION = YES;
				CLANG_WARN_INT_CONVERSION = YES;
				CLANG_WARN_NON_LITERAL_NULL_CONVERSION = YES;
				CLANG_WARN_OBJC_IMPLICIT_RETAIN_SELF = YES;
				CLANG_WARN_OBJC_LITERAL_CONVERSION = YES;
				CLANG_WARN_OBJC_ROOT_CLASS = YES_ERROR;
				CLANG_WARN_QUOTED_INCLUDE_IN_FRAMEWORK_HEADER = YES;
				CLANG_WARN_RANGE_LOOP_ANALYSIS = YES;
				CLANG_WARN_STRICT_PROTOTYPES = YES;
				CLANG_WARN_SUSPICIOUS_MOVE = YES;
				CLANG_WARN_UNGUARDED_AVAILABILITY = YES_AGGRESSIVE;
				CLANG_WARN_UNREACHABLE_CODE = YES;
				CLANG_WARN__DUPLICATE_METHOD_MATCH = YES;
				COPY_PHASE_STRIP = NO;
				DEBUG_INFORMATION_FORMAT = dwarf;
				ENABLE_STRICT_OBJC_MSGSEND = YES;
				ENABLE_TESTABILITY = YES;
				GCC_C_LANGUAGE_STANDARD = gnu11;
				GCC_DYNAMIC_NO_PIC = NO;
				GCC_NO_COMMON_BLOCKS = YES;
				GCC_OPTIMIZATION_LEVEL = 0;
				GCC_PREPROCESSOR_DEFINITIONS = (
					"DEBUG=1",
					"$(inherited)",
				);
				GCC_WARN_64_TO_32_BIT_CONVERSION = YES;
				GCC_WARN_ABOUT_RETURN_TYPE = YES_ERROR;
				GCC_WARN_UNDECLARED_SELECTOR = YES;
				GCC_WARN_UNINITIALIZED_AUTOS = YES_AGGRESSIVE;
				GCC_WARN_UNUSED_FUNCTION = YES;
				GCC_WARN_UNUSED_VARIABLE = YES;
				MACOSX_DEPLOYMENT_TARGET = 12.3;
				MTL_ENABLE_DEBUG_INFO = INCLUDE_SOURCE;
				MTL_FAST_MATH = YES;
				ONLY_ACTIVE_ARCH = YES;
				SDKROOT = macosx;
				SWIFT_ACTIVE_COMPILATION_CONDITIONS = DEBUG;
				SWIFT_OPTIMIZATION_LEVEL = "-Onone";
			};
			name = Debug;
		};
		1EB8BD84294109A70067E398 /* Release */ = {
			isa = XCBuildConfiguration;
			buildSettings = {
				ALWAYS_SEARCH_USER_PATHS = NO;
				CLANG_ANALYZER_NONNULL = YES;
				CLANG_ANALYZER_NUMBER_OBJECT_CONVERSION = YES_AGGRESSIVE;
				CLANG_CXX_LANGUAGE_STANDARD = "gnu++20";
				CLANG_ENABLE_MODULES = YES;
				CLANG_ENABLE_OBJC_ARC = YES;
				CLANG_ENABLE_OBJC_WEAK = YES;
				CLANG_WARN_BLOCK_CAPTURE_AUTORELEASING = YES;
				CLANG_WARN_BOOL_CONVERSION = YES;
				CLANG_WARN_COMMA = YES;
				CLANG_WARN_CONSTANT_CONVERSION = YES;
				CLANG_WARN_DEPRECATED_OBJC_IMPLEMENTATIONS = YES;
				CLANG_WARN_DIRECT_OBJC_ISA_USAGE = YES_ERROR;
				CLANG_WARN_DOCUMENTATION_COMMENTS = YES;
				CLANG_WARN_EMPTY_BODY = YES;
				CLANG_WARN_ENUM_CONVERSION = YES;
				CLANG_WARN_INFINITE_RECURSION = YES;
				CLANG_WARN_INT_CONVERSION = YES;
				CLANG_WARN_NON_LITERAL_NULL_CONVERSION = YES;
				CLANG_WARN_OBJC_IMPLICIT_RETAIN_SELF = YES;
				CLANG_WARN_OBJC_LITERAL_CONVERSION = YES;
				CLANG_WARN_OBJC_ROOT_CLASS = YES_ERROR;
				CLANG_WARN_QUOTED_INCLUDE_IN_FRAMEWORK_HEADER = YES;
				CLANG_WARN_RANGE_LOOP_ANALYSIS = YES;
				CLANG_WARN_STRICT_PROTOTYPES = YES;
				CLANG_WARN_SUSPICIOUS_MOVE = YES;
				CLANG_WARN_UNGUARDED_AVAILABILITY = YES_AGGRESSIVE;
				CLANG_WARN_UNREACHABLE_CODE = YES;
				CLANG_WARN__DUPLICATE_METHOD_MATCH = YES;
				COPY_PHASE_STRIP = NO;
				DEBUG_INFORMATION_FORMAT = "dwarf-with-dsym";
				ENABLE_NS_ASSERTIONS = NO;
				ENABLE_STRICT_OBJC_MSGSEND = YES;
				GCC_C_LANGUAGE_STANDARD = gnu11;
				GCC_NO_COMMON_BLOCKS = YES;
				GCC_WARN_64_TO_32_BIT_CONVERSION = YES;
				GCC_WARN_ABOUT_RETURN_TYPE = YES_ERROR;
				GCC_WARN_UNDECLARED_SELECTOR = YES;
				GCC_WARN_UNINITIALIZED_AUTOS = YES_AGGRESSIVE;
				GCC_WARN_UNUSED_FUNCTION = YES;
				GCC_WARN_UNUSED_VARIABLE = YES;
				MACOSX_DEPLOYMENT_TARGET = 12.3;
				MTL_ENABLE_DEBUG_INFO = NO;
				MTL_FAST_MATH = YES;
				SDKROOT = macosx;
				SWIFT_COMPILATION_MODE = wholemodule;
				SWIFT_OPTIMIZATION_LEVEL = "-O";
			};
			name = Release;
		};
		1EB8BD86294109A70067E398 /* Debug */ = {
			isa = XCBuildConfiguration;
			buildSettings = {
				CODE_SIGN_STYLE = Automatic;
				DEVELOPMENT_TEAM = 8JEXR44V49;
				ENABLE_HARDENED_RUNTIME = YES;
				PRODUCT_NAME = "$(TARGET_NAME)";
				SWIFT_VERSION = 5.0;
			};
			name = Debug;
		};
		1EB8BD87294109A70067E398 /* Release */ = {
			isa = XCBuildConfiguration;
			buildSettings = {
				CODE_SIGN_STYLE = Automatic;
				DEVELOPMENT_TEAM = 8JEXR44V49;
				ENABLE_HARDENED_RUNTIME = YES;
				PRODUCT_NAME = "$(TARGET_NAME)";
				SWIFT_VERSION = 5.0;
			};
			name = Release;
		};
/* End XCBuildConfiguration section */

/* Begin XCConfigurationList section */
		1EB8BD79294109A70067E398 /* Build configuration list for PBXProject "Graph" */ = {
			isa = XCConfigurationList;
			buildConfigurations = (
				1EB8BD83294109A70067E398 /* Debug */,
				1EB8BD84294109A70067E398 /* Release */,
			);
			defaultConfigurationIsVisible = 0;
			defaultConfigurationName = Debug;
		};
		1EB8BD85294109A70067E398 /* Build configuration list for PBXNativeTarget "Graph" */ = {
			isa = XCConfigurationList;
			buildConfigurations = (
				1EB8BD86294109A70067E398 /* Debug */,
				1EB8BD87294109A70067E398 /* Release */,
			);
			defaultConfigurationIsVisible = 0;
			defaultConfigurationName = Debug;
		};
/* End XCConfigurationList section */
	};
	rootObject = 1EB8BD76294109A70067E398 /* Project object */;
}
